
Microsoft Visual Studio Solution File, Format Version 12.00
# Visual Studio Version 17
VisualStudioVersion = 17.5.33424.131
MinimumVisualStudioVersion = 10.0.40219.1
Project("{FAE04EC0-301F-11D3-BF4B-00C04F79EFBC}") = "Zhu小矿机采集整个矿簇", "小矿机采集整个矿簇\Zhu小矿机采集整个矿簇.csproj", "{329BC322-FA7B-4199-A074-2DCC0B19B4F7}"
EndProject
Project("{FAE04EC0-301F-11D3-BF4B-00C04F79EFBC}") = "Zhu星系内快速移动", "星系内快速移动\Zhu星系内快速移动.csproj", "{CFF5EBA0-C884-4E08-A7A5-E5D9231AB53A}"
EndProject
Project("{FAE04EC0-301F-11D3-BF4B-00C04F79EFBC}") = "Zhu荒漠星添加石油", "荒漠星添加石油\Zhu荒漠星添加石油.csproj", "{89BFFD1E-DE5E-4AF5-B0B1-A2A8FA2C5798}"
EndProject
Project("{FAE04EC0-301F-11D3-BF4B-00C04F79EFBC}") = "Zhu海洋星黑雾不登录", "海洋星黑雾不登录\Zhu海洋星黑雾不登录.csproj", "{DEB5BAF0-FA68-4940-8696-BADF557B2580}"
EndProject
Project("{FAE04EC0-301F-11D3-BF4B-00C04F79EFBC}") = "Zhu清除黑雾不涂地基", "清除黑雾不涂地基\Zhu清除黑雾不涂地基.csproj", "{9BD5BE09-8E59-4FAC-8F73-CE6E4D13F040}"
EndProject
Project("{FAE04EC0-301F-11D3-BF4B-00C04F79EFBC}") = "Zhu机甲数据修改", "机甲数据修改\Zhu机甲数据修改.csproj", "{D6BE02D0-E9E6-4553-A1B9-1420B64EE8E5}"
EndProject
Project("{FAE04EC0-301F-11D3-BF4B-00C04F79EFBC}") = "Zhu继承物品", "继承物品\Zhu继承物品.csproj", "{2D84C4F3-C2F6-413E-B17C-75E3FEF8F500}"
EndProject
Project("{FAE04EC0-301F-11D3-BF4B-00C04F79EFBC}") = "Zhu取物范围", "取物范围\Zhu取物范围.csproj", "{C0D51770-6CB2-4A00-9692-5818269E5582}"
EndProject
Project("{FAE04EC0-301F-11D3-BF4B-00C04F79EFBC}") = "Zhu矿机采矿留根", "矿机采矿留根\Zhu矿机采矿留根.csproj", "{8296AF98-EC96-49D7-B466-463DC35FC176}"
EndProject
Project("{FAE04EC0-301F-11D3-BF4B-00C04F79EFBC}") = "Zhu轨道采集器立即建造", "轨道采集器立即建造\Zhu轨道采集器立即建造.csproj", "{4D1A9173-4358-4506-8E8D-29A7AE928427}"
EndProject
Project("{FAE04EC0-301F-11D3-BF4B-00C04F79EFBC}") = "Zhu超级蓄电池", "超级蓄电池\Zhu超级蓄电池.csproj", "{BF47E2D3-DAF3-4BF2-B06C-F141CFF0C40F}"
EndProject
Project("{FAE04EC0-301F-11D3-BF4B-00C04F79EFBC}") = "Zhu超级能量枢纽", "超级能量枢纽\Zhu超级能量枢纽.csproj", "{594C974B-52D1-4E17-AC1D-60CD837883ED}"
EndProject
Project("{FAE04EC0-301F-11D3-BF4B-00C04F79EFBC}") = "Zhu物流配送机起送量", "物流配送机起送量\Zhu物流配送机起送量.csproj", "{07AE3F37-9502-4A77-A1A4-CB889746504F}"
EndProject
Project("{FAE04EC0-301F-11D3-BF4B-00C04F79EFBC}") = "Zhu背包物品堆叠倍数", "背包物品堆叠倍数\Zhu背包物品堆叠倍数.csproj", "{07C26689-1185-4CD6-B3EE-CD289232C5AE}"
EndProject
Project("{FAE04EC0-301F-11D3-BF4B-00C04F79EFBC}") = "Zhu星系数量", "星系数量\Zhu星系数量.csproj", "{4687AEC5-FBFE-4710-BD19-153BF56BFC52}"
EndProject
Global
	GlobalSection(SolutionConfigurationPlatforms) = preSolution
		Release|x64CPU = Release|x64CPU
	EndGlobalSection
	GlobalSection(ProjectConfigurationPlatforms) = postSolution
		{329BC322-FA7B-4199-A074-2DCC0B19B4F7}.Release|x64CPU.ActiveCfg = Release|x64CPU
		{329BC322-FA7B-4199-A074-2DCC0B19B4F7}.Release|x64CPU.Build.0 = Release|x64CPU
		{CFF5EBA0-C884-4E08-A7A5-E5D9231AB53A}.Release|x64CPU.ActiveCfg = Release|x64CPU
		{CFF5EBA0-C884-4E08-A7A5-E5D9231AB53A}.Release|x64CPU.Build.0 = Release|x64CPU
		{89BFFD1E-DE5E-4AF5-B0B1-A2A8FA2C5798}.Release|x64CPU.ActiveCfg = Release|x64CPU
		{89BFFD1E-DE5E-4AF5-B0B1-A2A8FA2C5798}.Release|x64CPU.Build.0 = Release|x64CPU
		{DEB5BAF0-FA68-4940-8696-BADF557B2580}.Release|x64CPU.ActiveCfg = Release|x64CPU
		{DEB5BAF0-FA68-4940-8696-BADF557B2580}.Release|x64CPU.Build.0 = Release|x64CPU
		{9BD5BE09-8E59-4FAC-8F73-CE6E4D13F040}.Release|x64CPU.ActiveCfg = Release|x64CPU
		{9BD5BE09-8E59-4FAC-8F73-CE6E4D13F040}.Release|x64CPU.Build.0 = Release|x64CPU
		{D6BE02D0-E9E6-4553-A1B9-1420B64EE8E5}.Release|x64CPU.ActiveCfg = Release|x64CPU
		{D6BE02D0-E9E6-4553-A1B9-1420B64EE8E5}.Release|x64CPU.Build.0 = Release|x64CPU
		{2D84C4F3-C2F6-413E-B17C-75E3FEF8F500}.Release|x64CPU.ActiveCfg = Release|x64CPU
		{2D84C4F3-C2F6-413E-B17C-75E3FEF8F500}.Release|x64CPU.Build.0 = Release|x64CPU
		{C0D51770-6CB2-4A00-9692-5818269E5582}.Release|x64CPU.ActiveCfg = Release|x64CPU
		{C0D51770-6CB2-4A00-9692-5818269E5582}.Release|x64CPU.Build.0 = Release|x64CPU
		{8296AF98-EC96-49D7-B466-463DC35FC176}.Release|x64CPU.ActiveCfg = Release|x64CPU
		{8296AF98-EC96-49D7-B466-463DC35FC176}.Release|x64CPU.Build.0 = Release|x64CPU
		{4D1A9173-4358-4506-8E8D-29A7AE928427}.Release|x64CPU.ActiveCfg = Release|x64CPU
		{4D1A9173-4358-4506-8E8D-29A7AE928427}.Release|x64CPU.Build.0 = Release|x64CPU
		{BF47E2D3-DAF3-4BF2-B06C-F141CFF0C40F}.Release|x64CPU.ActiveCfg = Release|x64CPU
		{BF47E2D3-DAF3-4BF2-B06C-F141CFF0C40F}.Release|x64CPU.Build.0 = Release|x64CPU
		{594C974B-52D1-4E17-AC1D-60CD837883ED}.Release|x64CPU.ActiveCfg = Release|x64CPU
		{594C974B-52D1-4E17-AC1D-60CD837883ED}.Release|x64CPU.Build.0 = Release|x64CPU
		{07AE3F37-9502-4A77-A1A4-CB889746504F}.Release|x64CPU.ActiveCfg = Release|x64CPU
		{07AE3F37-9502-4A77-A1A4-CB889746504F}.Release|x64CPU.Build.0 = Release|x64CPU
		{07C26689-1185-4CD6-B3EE-CD289232C5AE}.Release|x64CPU.ActiveCfg = Release|x64CPU
		{07C26689-1185-4CD6-B3EE-CD289232C5AE}.Release|x64CPU.Build.0 = Release|x64CPU
		{4687AEC5-FBFE-4710-BD19-153BF56BFC52}.Release|x64CPU.ActiveCfg = Release|x64CPU
		{4687AEC5-FBFE-4710-BD19-153BF56BFC52}.Release|x64CPU.Build.0 = Release|x64CPU
	EndGlobalSection
	GlobalSection(SolutionProperties) = preSolution
		HideSolutionNode = FALSE
	EndGlobalSection
	GlobalSection(ExtensibilityGlobals) = postSolution
		SolutionGuid = {}
	EndGlobalSection
EndGlobal
