
Microsoft Visual Studio Solution File, Format Version 12.00
# Visual Studio Version 17
VisualStudioVersion = 17.5.33424.131
MinimumVisualStudioVersion = 10.0.40219.1
Project("{FAE04EC0-301F-11D3-BF4B-00C04F79EFBC}") = "ZhuInstantBuild", "InstantBuild\ZhuInstantBuild.csproj", "{0AD8CA5E-84FF-4DF3-8AAF-C96EAD0E82A3}"
EndProject
Project("{FAE04EC0-301F-11D3-BF4B-00C04F79EFBC}") = "继承物品", "继承物品\继承物品.csproj", "{13274305-68CA-4680-AA50-7FB8BDCF8F35}"
EndProject
Project("{FAE04EC0-301F-11D3-BF4B-00C04F79EFBC}") = "取物范围", "取物范围\取物范围.csproj", "{84EB07B1-5682-41ED-95FD-893AF8327ABC}"
EndProject
Project("{FAE04EC0-301F-11D3-BF4B-00C04F79EFBC}") = "机甲无人机建造范围", "机甲无人机建造区域\机甲无人机建造范围.csproj", "{CF782895-8E01-4AE8-B0BD-038C691FBDA1}"
EndProject
Project("{FAE04EC0-301F-11D3-BF4B-00C04F79EFBC}") = "点击拖动建造范围", "点击拖动建造范围\点击拖动建造范围.csproj", "{3AA5A0CC-D831-48EA-9378-B3F989E7D4F8}"
EndProject
Project("{FAE04EC0-301F-11D3-BF4B-00C04F79EFBC}") = "大矿机采矿范围", "大矿机采矿范围\大矿机采矿范围.csproj", "{38C79F48-1408-49B9-AD2C-D9D7F7649451}"
EndProject
Project("{FAE04EC0-301F-11D3-BF4B-00C04F79EFBC}") = "荒漠星添加石油", "荒漠星添加石油\荒漠星添加石油.csproj", "{2305A6F5-F931-45E2-B66E-9D691C458D2E}"
EndProject
Project("{FAE04EC0-301F-11D3-BF4B-00C04F79EFBC}") = "荒漠星添加石油2", "荒漠星添加石油2\荒漠星添加石油2.csproj", "{F15327E3-422F-47C8-8A4A-5ABB496C0956}"
EndProject
Project("{FAE04EC0-301F-11D3-BF4B-00C04F79EFBC}") = "轨道采集器立即建造", "轨道采集器立即建造\轨道采集器立即建造.csproj", "{565DA05A-2200-432C-98F1-0B392720FFEB}"
EndProject
Project("{FAE04EC0-301F-11D3-BF4B-00C04F79EFBC}") = "小矿机采矿速度", "小矿机采矿速度\小矿机采矿速度.csproj", "{DF4BF4C0-450D-46FA-A2CF-D7F96A8728CD}"
EndProject
Project("{FAE04EC0-301F-11D3-BF4B-00C04F79EFBC}") = "小矿机采集整个矿簇", "小矿机采矿整个矿簇\小矿机采集整个矿簇.csproj", "{67CD4FDC-13C6-4EC2-BFB7-B3430C6BD4FC}"
EndProject
Project("{FAE04EC0-301F-11D3-BF4B-00C04F79EFBC}") = "超级蓄电池建筑", "超级蓄电池建筑\超级蓄电池建筑.csproj", "{3DF9AA4C-E70E-4682-A067-7FA34E2D7E49}"
EndProject
Project("{FAE04EC0-301F-11D3-BF4B-00C04F79EFBC}") = "FastMiningMachine", "FastMiningMachine\FastMiningMachine.csproj", "{893789EB-707B-4F55-9BDD-0B085948D8C7}"
EndProject
Project("{FAE04EC0-301F-11D3-BF4B-00C04F79EFBC}") = "出生星系信息", "出生星系信息\出生星系信息.csproj", "{BE1F3C59-C9A5-42E5-899E-584FB24E4C94}"
EndProject
Project("{FAE04EC0-301F-11D3-BF4B-00C04F79EFBC}") = "更高功率能量枢纽", "更高功率能量枢纽\更高功率能量枢纽.csproj", "{523404D4-BAD5-4FD4-AB6A-522D9E274741}"
EndProject
Project("{FAE04EC0-301F-11D3-BF4B-00C04F79EFBC}") = "荒漠星添加石油3", "荒漠星添加石油3\荒漠星添加石油3.csproj", "{235EDAEB-274A-45C5-B583-9AD2197706D4}"
EndProject
Project("{FAE04EC0-301F-11D3-BF4B-00C04F79EFBC}") = "矿机采矿留根", "矿机采矿留根\矿机采矿留根.csproj", "{D122DDF3-C19D-4B0D-9F92-82EB5366605F}"
EndProject
Project("{FAE04EC0-301F-11D3-BF4B-00C04F79EFBC}") = "荒漠星添加石油4", "荒漠星添加石油4\荒漠星添加石油4.csproj", "{A73B59D1-5BE0-44B9-A5FD-468849115CD4}"
EndProject
Global
	GlobalSection(SolutionConfigurationPlatforms) = preSolution
		Debug|Any CPU = Debug|Any CPU
		Release|Any CPU = Release|Any CPU
	EndGlobalSection
	GlobalSection(ProjectConfigurationPlatforms) = postSolution
		{0AD8CA5E-84FF-4DF3-8AAF-C96EAD0E82A3}.Debug|Any CPU.ActiveCfg = Debug|Any CPU
		{0AD8CA5E-84FF-4DF3-8AAF-C96EAD0E82A3}.Debug|Any CPU.Build.0 = Debug|Any CPU
		{0AD8CA5E-84FF-4DF3-8AAF-C96EAD0E82A3}.Release|Any CPU.ActiveCfg = Release|Any CPU
		{0AD8CA5E-84FF-4DF3-8AAF-C96EAD0E82A3}.Release|Any CPU.Build.0 = Release|Any CPU
		{13274305-68CA-4680-AA50-7FB8BDCF8F35}.Debug|Any CPU.ActiveCfg = Debug|Any CPU
		{13274305-68CA-4680-AA50-7FB8BDCF8F35}.Debug|Any CPU.Build.0 = Debug|Any CPU
		{13274305-68CA-4680-AA50-7FB8BDCF8F35}.Release|Any CPU.ActiveCfg = Release|Any CPU
		{13274305-68CA-4680-AA50-7FB8BDCF8F35}.Release|Any CPU.Build.0 = Release|Any CPU
		{84EB07B1-5682-41ED-95FD-893AF8327ABC}.Debug|Any CPU.ActiveCfg = Debug|Any CPU
		{84EB07B1-5682-41ED-95FD-893AF8327ABC}.Debug|Any CPU.Build.0 = Debug|Any CPU
		{84EB07B1-5682-41ED-95FD-893AF8327ABC}.Release|Any CPU.ActiveCfg = Release|Any CPU
		{84EB07B1-5682-41ED-95FD-893AF8327ABC}.Release|Any CPU.Build.0 = Release|Any CPU
		{CF782895-8E01-4AE8-B0BD-038C691FBDA1}.Debug|Any CPU.ActiveCfg = Debug|Any CPU
		{CF782895-8E01-4AE8-B0BD-038C691FBDA1}.Debug|Any CPU.Build.0 = Debug|Any CPU
		{CF782895-8E01-4AE8-B0BD-038C691FBDA1}.Release|Any CPU.ActiveCfg = Release|Any CPU
		{CF782895-8E01-4AE8-B0BD-038C691FBDA1}.Release|Any CPU.Build.0 = Release|Any CPU
		{3AA5A0CC-D831-48EA-9378-B3F989E7D4F8}.Debug|Any CPU.ActiveCfg = Debug|Any CPU
		{3AA5A0CC-D831-48EA-9378-B3F989E7D4F8}.Debug|Any CPU.Build.0 = Debug|Any CPU
		{3AA5A0CC-D831-48EA-9378-B3F989E7D4F8}.Release|Any CPU.ActiveCfg = Release|Any CPU
		{3AA5A0CC-D831-48EA-9378-B3F989E7D4F8}.Release|Any CPU.Build.0 = Release|Any CPU
		{38C79F48-1408-49B9-AD2C-D9D7F7649451}.Debug|Any CPU.ActiveCfg = Debug|Any CPU
		{38C79F48-1408-49B9-AD2C-D9D7F7649451}.Debug|Any CPU.Build.0 = Debug|Any CPU
		{38C79F48-1408-49B9-AD2C-D9D7F7649451}.Release|Any CPU.ActiveCfg = Release|Any CPU
		{38C79F48-1408-49B9-AD2C-D9D7F7649451}.Release|Any CPU.Build.0 = Release|Any CPU
		{2305A6F5-F931-45E2-B66E-9D691C458D2E}.Debug|Any CPU.ActiveCfg = Debug|Any CPU
		{2305A6F5-F931-45E2-B66E-9D691C458D2E}.Debug|Any CPU.Build.0 = Debug|Any CPU
		{2305A6F5-F931-45E2-B66E-9D691C458D2E}.Release|Any CPU.ActiveCfg = Release|Any CPU
		{2305A6F5-F931-45E2-B66E-9D691C458D2E}.Release|Any CPU.Build.0 = Release|Any CPU
		{F15327E3-422F-47C8-8A4A-5ABB496C0956}.Debug|Any CPU.ActiveCfg = Debug|Any CPU
		{F15327E3-422F-47C8-8A4A-5ABB496C0956}.Debug|Any CPU.Build.0 = Debug|Any CPU
		{F15327E3-422F-47C8-8A4A-5ABB496C0956}.Release|Any CPU.ActiveCfg = Release|Any CPU
		{F15327E3-422F-47C8-8A4A-5ABB496C0956}.Release|Any CPU.Build.0 = Release|Any CPU
		{565DA05A-2200-432C-98F1-0B392720FFEB}.Debug|Any CPU.ActiveCfg = Debug|Any CPU
		{565DA05A-2200-432C-98F1-0B392720FFEB}.Debug|Any CPU.Build.0 = Debug|Any CPU
		{565DA05A-2200-432C-98F1-0B392720FFEB}.Release|Any CPU.ActiveCfg = Release|Any CPU
		{565DA05A-2200-432C-98F1-0B392720FFEB}.Release|Any CPU.Build.0 = Release|Any CPU
		{DF4BF4C0-450D-46FA-A2CF-D7F96A8728CD}.Debug|Any CPU.ActiveCfg = Debug|Any CPU
		{DF4BF4C0-450D-46FA-A2CF-D7F96A8728CD}.Debug|Any CPU.Build.0 = Debug|Any CPU
		{DF4BF4C0-450D-46FA-A2CF-D7F96A8728CD}.Release|Any CPU.ActiveCfg = Release|Any CPU
		{DF4BF4C0-450D-46FA-A2CF-D7F96A8728CD}.Release|Any CPU.Build.0 = Release|Any CPU
		{67CD4FDC-13C6-4EC2-BFB7-B3430C6BD4FC}.Debug|Any CPU.ActiveCfg = Debug|Any CPU
		{67CD4FDC-13C6-4EC2-BFB7-B3430C6BD4FC}.Debug|Any CPU.Build.0 = Debug|Any CPU
		{67CD4FDC-13C6-4EC2-BFB7-B3430C6BD4FC}.Release|Any CPU.ActiveCfg = Release|Any CPU
		{67CD4FDC-13C6-4EC2-BFB7-B3430C6BD4FC}.Release|Any CPU.Build.0 = Release|Any CPU
		{3DF9AA4C-E70E-4682-A067-7FA34E2D7E49}.Debug|Any CPU.ActiveCfg = Debug|Any CPU
		{3DF9AA4C-E70E-4682-A067-7FA34E2D7E49}.Debug|Any CPU.Build.0 = Debug|Any CPU
		{3DF9AA4C-E70E-4682-A067-7FA34E2D7E49}.Release|Any CPU.ActiveCfg = Release|Any CPU
		{3DF9AA4C-E70E-4682-A067-7FA34E2D7E49}.Release|Any CPU.Build.0 = Release|Any CPU
		{893789EB-707B-4F55-9BDD-0B085948D8C7}.Debug|Any CPU.ActiveCfg = Debug|Any CPU
		{893789EB-707B-4F55-9BDD-0B085948D8C7}.Debug|Any CPU.Build.0 = Debug|Any CPU
		{893789EB-707B-4F55-9BDD-0B085948D8C7}.Release|Any CPU.ActiveCfg = Release|Any CPU
		{893789EB-707B-4F55-9BDD-0B085948D8C7}.Release|Any CPU.Build.0 = Release|Any CPU
		{BE1F3C59-C9A5-42E5-899E-584FB24E4C94}.Debug|Any CPU.ActiveCfg = Debug|Any CPU
		{BE1F3C59-C9A5-42E5-899E-584FB24E4C94}.Debug|Any CPU.Build.0 = Debug|Any CPU
		{BE1F3C59-C9A5-42E5-899E-584FB24E4C94}.Release|Any CPU.ActiveCfg = Release|Any CPU
		{BE1F3C59-C9A5-42E5-899E-584FB24E4C94}.Release|Any CPU.Build.0 = Release|Any CPU
		{523404D4-BAD5-4FD4-AB6A-522D9E274741}.Debug|Any CPU.ActiveCfg = Debug|Any CPU
		{523404D4-BAD5-4FD4-AB6A-522D9E274741}.Debug|Any CPU.Build.0 = Debug|Any CPU
		{523404D4-BAD5-4FD4-AB6A-522D9E274741}.Release|Any CPU.ActiveCfg = Release|Any CPU
		{523404D4-BAD5-4FD4-AB6A-522D9E274741}.Release|Any CPU.Build.0 = Release|Any CPU
		{235EDAEB-274A-45C5-B583-9AD2197706D4}.Debug|Any CPU.ActiveCfg = Debug|Any CPU
		{235EDAEB-274A-45C5-B583-9AD2197706D4}.Debug|Any CPU.Build.0 = Debug|Any CPU
		{235EDAEB-274A-45C5-B583-9AD2197706D4}.Release|Any CPU.ActiveCfg = Release|Any CPU
		{235EDAEB-274A-45C5-B583-9AD2197706D4}.Release|Any CPU.Build.0 = Release|Any CPU
		{D122DDF3-C19D-4B0D-9F92-82EB5366605F}.Debug|Any CPU.ActiveCfg = Debug|Any CPU
		{D122DDF3-C19D-4B0D-9F92-82EB5366605F}.Debug|Any CPU.Build.0 = Debug|Any CPU
		{D122DDF3-C19D-4B0D-9F92-82EB5366605F}.Release|Any CPU.ActiveCfg = Release|Any CPU
		{D122DDF3-C19D-4B0D-9F92-82EB5366605F}.Release|Any CPU.Build.0 = Release|Any CPU
		{A73B59D1-5BE0-44B9-A5FD-468849115CD4}.Debug|Any CPU.ActiveCfg = Debug|Any CPU
		{A73B59D1-5BE0-44B9-A5FD-468849115CD4}.Debug|Any CPU.Build.0 = Debug|Any CPU
		{A73B59D1-5BE0-44B9-A5FD-468849115CD4}.Release|Any CPU.ActiveCfg = Release|Any CPU
		{A73B59D1-5BE0-44B9-A5FD-468849115CD4}.Release|Any CPU.Build.0 = Release|Any CPU
	EndGlobalSection
	GlobalSection(SolutionProperties) = preSolution
		HideSolutionNode = FALSE
	EndGlobalSection
	GlobalSection(ExtensibilityGlobals) = postSolution
		SolutionGuid = {42840291-749A-4120-9AC6-602D1ED14A0A}
	EndGlobalSection
EndGlobal
